Microsoft Visual Studio Solution File, Format Version 11.00
# Visual Studio 2008

Project("{8B79F3B5-49D1-BB7B-1A56-FC45D16EE5DC}") = "castle_game", "Assembly-CSharp-firstpass-vs.csproj", "{39AEF31A-1DE5-053A-50CC-179C12EA909B}"
EndProject
Project("{8B79F3B5-49D1-BB7B-1A56-FC45D16EE5DC}") = "castle_game", "Assembly-CSharp-vs.csproj", "{0EC08207-8774-61B3-44B1-1499CC2DB7F7}"
EndProject
Project("{8B79F3B5-49D1-BB7B-1A56-FC45D16EE5DC}") = "castle_game", "Assembly-CSharp-Editor-vs.csproj", "{D3A4EC68-78D1-B405-5646-416C6A4FC9F0}"
EndProject
Global
	GlobalSection(SolutionConfigurationPlatforms) = preSolution
		Debug|Any CPU = Debug|Any CPU
		Release|Any CPU = Release|Any CPU
	EndGlobalSection
	GlobalSection(ProjectConfigurationPlatforms) = postSolution
		{39AEF31A-1DE5-053A-50CC-179C12EA909B}.Debug|Any CPU.ActiveCfg = Debug|Any CPU
		{39AEF31A-1DE5-053A-50CC-179C12EA909B}.Debug|Any CPU.Build.0 = Debug|Any CPU
		{39AEF31A-1DE5-053A-50CC-179C12EA909B}.Release|Any CPU.ActiveCfg = Release|Any CPU
		{39AEF31A-1DE5-053A-50CC-179C12EA909B}.Release|Any CPU.Build.0 = Release|Any CPU
		{0EC08207-8774-61B3-44B1-1499CC2DB7F7}.Debug|Any CPU.ActiveCfg = Debug|Any CPU
		{0EC08207-8774-61B3-44B1-1499CC2DB7F7}.Debug|Any CPU.Build.0 = Debug|Any CPU
		{0EC08207-8774-61B3-44B1-1499CC2DB7F7}.Release|Any CPU.ActiveCfg = Release|Any CPU
		{0EC08207-8774-61B3-44B1-1499CC2DB7F7}.Release|Any CPU.Build.0 = Release|Any CPU
		{D3A4EC68-78D1-B405-5646-416C6A4FC9F0}.Debug|Any CPU.ActiveCfg = Debug|Any CPU
		{D3A4EC68-78D1-B405-5646-416C6A4FC9F0}.Debug|Any CPU.Build.0 = Debug|Any CPU
		{D3A4EC68-78D1-B405-5646-416C6A4FC9F0}.Release|Any CPU.ActiveCfg = Release|Any CPU
		{D3A4EC68-78D1-B405-5646-416C6A4FC9F0}.Release|Any CPU.Build.0 = Release|Any CPU
	EndGlobalSection
	GlobalSection(SolutionProperties) = preSolution
		HideSolutionNode = FALSE
	EndGlobalSection
			GlobalSection(MonoDevelopProperties) = preSolution
		StartupItem = Assembly-CSharp.csproj
		Policies = $0
		$0.TextStylePolicy = $1
		$1.inheritsSet = null
		$1.scope = text/x-csharp
		$0.CSharpFormattingPolicy = $2
		$2.inheritsSet = Mono
		$2.inheritsScope = text/x-csharp
		$2.scope = text/x-csharp
		$0.TextStylePolicy = $3
		$3.FileWidth = 120
		$3.TabWidth = 4
		$3.IndentWidth = 4
		$3.EolMarker = Unix
		$3.inheritsSet = Mono
		$3.inheritsScope = text/plain
		$3.scope = text/plain
	EndGlobalSection

EndGlobal
